// !$*UTF8*$!
{
	archiveVersion = 1;
	classes = {
	};
	objectVersion = 46;
	objects = {

/* Begin PBXBuildFile section */
		0728F68E36D7FD309593C66E /* libPods.a in Frameworks */ = {isa = PBXBuildFile; fileRef = 8F2DC43E27BC668991726707 /* libPods.a */; };
		501560351C46EB1D0016F4B1 /* SystemConfiguration.framework in Frameworks */ = {isa = PBXBuildFile; fileRef = 501560341C46EB1D0016F4B1 /* SystemConfiguration.framework */; };
		506B2AD61BEA455400F96268 /* create-button.png in Resources */ = {isa = PBXBuildFile; fileRef = 506B2AD51BEA455400F96268 /* create-button.png */; };
		506B2AD91BEBB5A600F96268 /* FriendListViewController.m in Sources */ = {isa = PBXBuildFile; fileRef = 506B2AD81BEBB5A600F96268 /* FriendListViewController.m */; };
		506B2ADD1BEBB5D100F96268 /* InfoPageViewController.m in Sources */ = {isa = PBXBuildFile; fileRef = 506B2ADC1BEBB5D100F96268 /* InfoPageViewController.m */; };
		506B2AE01BEBB5E700F96268 /* GameListViewController.m in Sources */ = {isa = PBXBuildFile; fileRef = 506B2ADF1BEBB5E700F96268 /* GameListViewController.m */; };
		506B2AE31BEBB5F800F96268 /* SettingsViewController.m in Sources */ = {isa = PBXBuildFile; fileRef = 506B2AE21BEBB5F800F96268 /* SettingsViewController.m */; };
		506B2AE61BEBB60300F96268 /* GameBoardViewController.m in Sources */ = {isa = PBXBuildFile; fileRef = 506B2AE51BEBB60300F96268 /* GameBoardViewController.m */; };
		506B2AE91BEBB61100F96268 /* FriendPageViewController.m in Sources */ = {isa = PBXBuildFile; fileRef = 506B2AE81BEBB61100F96268 /* FriendPageViewController.m */; };
		506B2AEC1BEBB62000F96268 /* NewGameViewController.m in Sources */ = {isa = PBXBuildFile; fileRef = 506B2AEB1BEBB62000F96268 /* NewGameViewController.m */; };
		506B2AEE1BEBB9D300F96268 /* boxedIn-app-icon-75.png in Resources */ = {isa = PBXBuildFile; fileRef = 506B2AED1BEBB9D300F96268 /* boxedIn-app-icon-75.png */; };
		506B2AF01BEBBD6C00F96268 /* group-100.png in Resources */ = {isa = PBXBuildFile; fileRef = 506B2AEF1BEBBD6C00F96268 /* group-100.png */; };
		506B2AF21BEBBD8D00F96268 /* about-100.png in Resources */ = {isa = PBXBuildFile; fileRef = 506B2AF11BEBBD8D00F96268 /* about-100.png */; };
		506B2AF41BEBBDC000F96268 /* mind_map-100.png in Resources */ = {isa = PBXBuildFile; fileRef = 506B2AF31BEBBDC000F96268 /* mind_map-100.png */; };
		506B2AF61BEBBE2200F96268 /* play-button-icon.png in Resources */ = {isa = PBXBuildFile; fileRef = 506B2AF51BEBBE2200F96268 /* play-button-icon.png */; };
		506B2AF81BEBDB9D00F96268 /* mind_map-50@2x.png in Resources */ = {isa = PBXBuildFile; fileRef = 506B2AF71BEBDB9D00F96268 /* mind_map-50@2x.png */; };
		506B2AFA1BEBDBAF00F96268 /* about-50@2x.png in Resources */ = {isa = PBXBuildFile; fileRef = 506B2AF91BEBDBAF00F96268 /* about-50@2x.png */; };
		506B2AFC1BEBDBBB00F96268 /* group-50@2x.png in Resources */ = {isa = PBXBuildFile; fileRef = 506B2AFB1BEBDBBB00F96268 /* group-50@2x.png */; };
		506B2AFE1BEBDBF900F96268 /* play-button-icon-50@2x.png in Resources */ = {isa = PBXBuildFile; fileRef = 506B2AFD1BEBDBF900F96268 /* play-button-icon-50@2x.png */; };
		506B2B001BEBDC2400F96268 /* boxedIn-app-icon-50@2x.png in Resources */ = {isa = PBXBuildFile; fileRef = 506B2AFF1BEBDC2400F96268 /* boxedIn-app-icon-50@2x.png */; };
		506B2B021BEBDCC200F96268 /* group-32.png in Resources */ = {isa = PBXBuildFile; fileRef = 506B2B011BEBDCC200F96268 /* group-32.png */; };
		506B2B041BEBDCDA00F96268 /* mind_map-32.png in Resources */ = {isa = PBXBuildFile; fileRef = 506B2B031BEBDCDA00F96268 /* mind_map-32.png */; };
		506B2B061BEBDCE500F96268 /* about-32.png in Resources */ = {isa = PBXBuildFile; fileRef = 506B2B051BEBDCE500F96268 /* about-32.png */; };
		506B2B081BEBE0A600F96268 /* boxedIn-icon-50-with-alpha@2x.png in Resources */ = {isa = PBXBuildFile; fileRef = 506B2B071BEBE0A600F96268 /* boxedIn-icon-50-with-alpha@2x.png */; };
		506B2B0E1BEBEC1000F96268 /* ViewController.m in Sources */ = {isa = PBXBuildFile; fileRef = 506B2B0C1BEBEC1000F96268 /* ViewController.m */; };
		506B2B131BED06C300F96268 /* boxedIn-icon-1024-with-alpha.png in Resources */ = {isa = PBXBuildFile; fileRef = 506B2B121BED06C300F96268 /* boxedIn-icon-1024-with-alpha.png */; };
		506B2B151BED07D800F96268 /* boxedIn-text-1024-with-alpha.png in Resources */ = {isa = PBXBuildFile; fileRef = 506B2B141BED07D800F96268 /* boxedIn-text-1024-with-alpha.png */; };
		506B2B181BED346400F96268 /* FriendCell.m in Sources */ = {isa = PBXBuildFile; fileRef = 506B2B171BED346400F96268 /* FriendCell.m */; };
		506B2B1B1BED347500F96268 /* GameCell.m in Sources */ = {isa = PBXBuildFile; fileRef = 506B2B1A1BED347500F96268 /* GameCell.m */; };
		506B2B201BF13DB500F96268 /* dot.png in Resources */ = {isa = PBXBuildFile; fileRef = 506B2B1D1BF13DB500F96268 /* dot.png */; };
		506B2B2C1BF2693800F96268 /* play-toolbar-icon@2x.png in Resources */ = {isa = PBXBuildFile; fileRef = 506B2B2B1BF2693800F96268 /* play-toolbar-icon@2x.png */; };
		506B2B2E1BF269DD00F96268 /* boxedIn-toolbar-icon@2x.png in Resources */ = {isa = PBXBuildFile; fileRef = 506B2B2D1BF269DD00F96268 /* boxedIn-toolbar-icon@2x.png */; };
		506B2B341BF3777200F96268 /* GBCoordinate.m in Sources */ = {isa = PBXBuildFile; fileRef = 506B2B331BF3777200F96268 /* GBCoordinate.m */; };
		506B2B371BF3779000F96268 /* GBButton.m in Sources */ = {isa = PBXBuildFile; fileRef = 506B2B361BF3779000F96268 /* GBButton.m */; };
		506B2B3C1BF398B200F96268 /* grey-line.png in Resources */ = {isa = PBXBuildFile; fileRef = 506B2B3B1BF398B200F96268 /* grey-line.png */; };
		506B2B401BF39B4800F96268 /* line.png in Resources */ = {isa = PBXBuildFile; fileRef = 506B2B3D1BF39B4800F96268 /* line.png */; };
		506B2B411BF39B4800F96268 /* vertical-grey-line.png in Resources */ = {isa = PBXBuildFile; fileRef = 506B2B3E1BF39B4800F96268 /* vertical-grey-line.png */; };
		506B2B421BF39B4800F96268 /* vertical-line.png in Resources */ = {isa = PBXBuildFile; fileRef = 506B2B3F1BF39B4800F96268 /* vertical-line.png */; };
		506B2B441BF4D4C100F96268 /* boxedIn-splash-1024.png in Resources */ = {isa = PBXBuildFile; fileRef = 506B2B431BF4D4C100F96268 /* boxedIn-splash-1024.png */; };
		506B2B471BF4DB9000F96268 /* UIImageView+Letters.m in Sources */ = {isa = PBXBuildFile; fileRef = 506B2B461BF4DB9000F96268 /* UIImageView+Letters.m */; };
		506B2B4B1BF4E6A600F96268 /* LoginViewController.m in Sources */ = {isa = PBXBuildFile; fileRef = 506B2B4A1BF4E6A600F96268 /* LoginViewController.m */; };
		506B2B4E1BFC0F2500F96268 /* GameKit.framework in Frameworks */ = {isa = PBXBuildFile; fileRef = 506B2B4D1BFC0F2500F96268 /* GameKit.framework */; };
		506B2B501BFC113200F96268 /* MultipeerConnectivity.framework in Frameworks */ = {isa = PBXBuildFile; fileRef = 506B2B4F1BFC113200F96268 /* MultipeerConnectivity.framework */; };
		506B2B531BFFAB7400F96268 /* NewFriendGameViewController.m in Sources */ = {isa = PBXBuildFile; fileRef = 506B2B521BFFAB7400F96268 /* NewFriendGameViewController.m */; };
		506B2B561C0E681B00F96268 /* PFObject+Coder.m in Sources */ = {isa = PBXBuildFile; fileRef = 506B2B551C0E681B00F96268 /* PFObject+Coder.m */; };
		506B2B591C1079D600F96268 /* PFFile+Coder.m in Sources */ = {isa = PBXBuildFile; fileRef = 506B2B581C1079D600F96268 /* PFFile+Coder.m */; };
		5087B39B1C17271900E8AB87 /* boxedIn-app-icon-76.png in Resources */ = {isa = PBXBuildFile; fileRef = 5087B39A1C17271900E8AB87 /* boxedIn-app-icon-76.png */; };
		5087B39D1C172A0700E8AB87 /* boxedIn-app-icon-152@2x.png in Resources */ = {isa = PBXBuildFile; fileRef = 5087B39C1C172A0700E8AB87 /* boxedIn-app-icon-152@2x.png */; };
		50C23C0B1BE9A589009E40BC /* play-button.png in Resources */ = {isa = PBXBuildFile; fileRef = 50C23C0A1BE9A589009E40BC /* play-button.png */; };
		50C23C0D1BE9A595009E40BC /* friends-button.png in Resources */ = {isa = PBXBuildFile; fileRef = 50C23C0C1BE9A595009E40BC /* friends-button.png */; };
		50C23C0F1BE9A5A0009E40BC /* settings-button.png in Resources */ = {isa = PBXBuildFile; fileRef = 50C23C0E1BE9A5A0009E40BC /* settings-button.png */; };
		50CB69E81C3C478200D3DE62 /* StoreKit.framework in Frameworks */ = {isa = PBXBuildFile; fileRef = 50CB69E71C3C478200D3DE62 /* StoreKit.framework */; };
		50E682461BE79E03001EDFBA /* boxedIn-app-icon-1024.png in Resources */ = {isa = PBXBuildFile; fileRef = 50E682451BE79E03001EDFBA /* boxedIn-app-icon-1024.png */; };
		50E682491BE79EC6001EDFBA /* boxedIn-app-icon-120.png in Resources */ = {isa = PBXBuildFile; fileRef = 50E682471BE79EC6001EDFBA /* boxedIn-app-icon-120.png */; };
		50E6824A1BE79EC6001EDFBA /* boxedIn-app-icon-180.png in Resources */ = {isa = PBXBuildFile; fileRef = 50E682481BE79EC6001EDFBA /* boxedIn-app-icon-180.png */; };
		50ECC29A1BD51E5F00A6E9F3 /* main.m in Sources */ = {isa = PBXBuildFile; fileRef = 50ECC2991BD51E5F00A6E9F3 /* main.m */; };
		50ECC29D1BD51E5F00A6E9F3 /* AppDelegate.m in Sources */ = {isa = PBXBuildFile; fileRef = 50ECC29C1BD51E5F00A6E9F3 /* AppDelegate.m */; };
		50ECC2A31BD51E5F00A6E9F3 /* Main.storyboard in Resources */ = {isa = PBXBuildFile; fileRef = 50ECC2A11BD51E5F00A6E9F3 /* Main.storyboard */; };
		50ECC2A51BD51E5F00A6E9F3 /* Images.xcassets in Resources */ = {isa = PBXBuildFile; fileRef = 50ECC2A41BD51E5F00A6E9F3 /* Images.xcassets */; };
		50ECC2A81BD51E5F00A6E9F3 /* LaunchScreen.xib in Resources */ = {isa = PBXBuildFile; fileRef = 50ECC2A61BD51E5F00A6E9F3 /* LaunchScreen.xib */; };
		50ECC2B41BD51E5F00A6E9F3 /* BoxedInTests.m in Sources */ = {isa = PBXBuildFile; fileRef = 50ECC2B31BD51E5F00A6E9F3 /* BoxedInTests.m */; };
		50F1BAC41C3AC58700E6FC21 /* iAd.framework in Frameworks */ = {isa = PBXBuildFile; fileRef = 50F1BAC31C3AC58700E6FC21 /* iAd.framework */; };
		50F1BAC71C3AD35D00E6FC21 /* MessagesViewController.m in Sources */ = {isa = PBXBuildFile; fileRef = 50F1BAC61C3AD35D00E6FC21 /* MessagesViewController.m */; };
/* End PBXBuildFile section */

/* Begin PBXContainerItemProxy section */
		50ECC2AE1BD51E5F00A6E9F3 /* PBXContainerItemProxy */ = {
			isa = PBXContainerItemProxy;
			containerPortal = 50ECC28C1BD51E5F00A6E9F3 /* Project object */;
			proxyType = 1;
			remoteGlobalIDString = 50ECC2931BD51E5F00A6E9F3;
			remoteInfo = BoxedIn;
		};
/* End PBXContainerItemProxy section */

/* Begin PBXFileReference section */
		0444D99D7AF0FA727301C6DB /* Pods.release.xcconfig */ = {isa = PBXFileReference; includeInIndex = 1; lastKnownFileType = text.xcconfig; name = Pods.release.xcconfig; path = "Pods/Target Support Files/Pods/Pods.release.xcconfig"; sourceTree = "<group>"; };
		501560341C46EB1D0016F4B1 /* SystemConfiguration.framework */ = {isa = PBXFileReference; lastKnownFileType = wrapper.framework; name = SystemConfiguration.framework; path = System/Library/Frameworks/SystemConfiguration.framework; sourceTree = SDKROOT; };
		506B2AD51BEA455400F96268 /* create-button.png */ = {isa = PBXFileReference; lastKnownFileType = image.png; path = "create-button.png"; sourceTree = "<group>"; };
		506B2AD71BEBB5A600F96268 /* FriendListViewController.h */ = {isa = PBXFileReference; fileEncoding = 4; lastKnownFileType = sourcecode.c.h; path = FriendListViewController.h; sourceTree = "<group>"; };
		506B2AD81BEBB5A600F96268 /* FriendListViewController.m */ = {isa = PBXFileReference; fileEncoding = 4; lastKnownFileType = sourcecode.c.objc; path = FriendListViewController.m; sourceTree = "<group>"; };
		506B2ADB1BEBB5D100F96268 /* InfoPageViewController.h */ = {isa = PBXFileReference; fileEncoding = 4; lastKnownFileType = sourcecode.c.h; path = InfoPageViewController.h; sourceTree = "<group>"; };
		506B2ADC1BEBB5D100F96268 /* InfoPageViewController.m */ = {isa = PBXFileReference; fileEncoding = 4; lastKnownFileType = sourcecode.c.objc; path = InfoPageViewController.m; sourceTree = "<group>"; };
		506B2ADE1BEBB5E700F96268 /* GameListViewController.h */ = {isa = PBXFileReference; fileEncoding = 4; lastKnownFileType = sourcecode.c.h; path = GameListViewController.h; sourceTree = "<group>"; };
		506B2ADF1BEBB5E700F96268 /* GameListViewController.m */ = {isa = PBXFileReference; fileEncoding = 4; lastKnownFileType = sourcecode.c.objc; path = GameListViewController.m; sourceTree = "<group>"; };
		506B2AE11BEBB5F800F96268 /* SettingsViewController.h */ = {isa = PBXFileReference; fileEncoding = 4; lastKnownFileType = sourcecode.c.h; path = SettingsViewController.h; sourceTree = "<group>"; };
		506B2AE21BEBB5F800F96268 /* SettingsViewController.m */ = {isa = PBXFileReference; fileEncoding = 4; lastKnownFileType = sourcecode.c.objc; path = SettingsViewController.m; sourceTree = "<group>"; };
		506B2AE41BEBB60300F96268 /* GameBoardViewController.h */ = {isa = PBXFileReference; fileEncoding = 4; lastKnownFileType = sourcecode.c.h; path = GameBoardViewController.h; sourceTree = "<group>"; };
		506B2AE51BEBB60300F96268 /* GameBoardViewController.m */ = {isa = PBXFileReference; fileEncoding = 4; lastKnownFileType = sourcecode.c.objc; path = GameBoardViewController.m; sourceTree = "<group>"; };
		506B2AE71BEBB61100F96268 /* FriendPageViewController.h */ = {isa = PBXFileReference; fileEncoding = 4; lastKnownFileType = sourcecode.c.h; path = FriendPageViewController.h; sourceTree = "<group>"; };
		506B2AE81BEBB61100F96268 /* FriendPageViewController.m */ = {isa = PBXFileReference; fileEncoding = 4; lastKnownFileType = sourcecode.c.objc; path = FriendPageViewController.m; sourceTree = "<group>"; };
		506B2AEA1BEBB62000F96268 /* NewGameViewController.h */ = {isa = PBXFileReference; fileEncoding = 4; lastKnownFileType = sourcecode.c.h; path = NewGameViewController.h; sourceTree = "<group>"; };
		506B2AEB1BEBB62000F96268 /* NewGameViewController.m */ = {isa = PBXFileReference; fileEncoding = 4; lastKnownFileType = sourcecode.c.objc; path = NewGameViewController.m; sourceTree = "<group>"; };
		506B2AED1BEBB9D300F96268 /* boxedIn-app-icon-75.png */ = {isa = PBXFileReference; lastKnownFileType = image.png; path = "boxedIn-app-icon-75.png"; sourceTree = "<group>"; };
		506B2AEF1BEBBD6C00F96268 /* group-100.png */ = {isa = PBXFileReference; lastKnownFileType = image.png; path = "group-100.png"; sourceTree = "<group>"; };
		506B2AF11BEBBD8D00F96268 /* about-100.png */ = {isa = PBXFileReference; lastKnownFileType = image.png; path = "about-100.png"; sourceTree = "<group>"; };
		506B2AF31BEBBDC000F96268 /* mind_map-100.png */ = {isa = PBXFileReference; lastKnownFileType = image.png; path = "mind_map-100.png"; sourceTree = "<group>"; };
		506B2AF51BEBBE2200F96268 /* play-button-icon.png */ = {isa = PBXFileReference; lastKnownFileType = image.png; path = "play-button-icon.png"; sourceTree = "<group>"; };
		506B2AF71BEBDB9D00F96268 /* mind_map-50@2x.png */ = {isa = PBXFileReference; lastKnownFileType = image.png; path = "mind_map-50@2x.png"; sourceTree = "<group>"; };
		506B2AF91BEBDBAF00F96268 /* about-50@2x.png */ = {isa = PBXFileReference; lastKnownFileType = image.png; path = "about-50@2x.png"; sourceTree = "<group>"; };
		506B2AFB1BEBDBBB00F96268 /* group-50@2x.png */ = {isa = PBXFileReference; lastKnownFileType = image.png; path = "group-50@2x.png"; sourceTree = "<group>"; };
		506B2AFD1BEBDBF900F96268 /* play-button-icon-50@2x.png */ = {isa = PBXFileReference; lastKnownFileType = image.png; path = "play-button-icon-50@2x.png"; sourceTree = "<group>"; };
		506B2AFF1BEBDC2400F96268 /* boxedIn-app-icon-50@2x.png */ = {isa = PBXFileReference; lastKnownFileType = image.png; path = "boxedIn-app-icon-50@2x.png"; sourceTree = "<group>"; };
		506B2B011BEBDCC200F96268 /* group-32.png */ = {isa = PBXFileReference; lastKnownFileType = image.png; path = "group-32.png"; sourceTree = "<group>"; };
		506B2B031BEBDCDA00F96268 /* mind_map-32.png */ = {isa = PBXFileReference; lastKnownFileType = image.png; path = "mind_map-32.png"; sourceTree = "<group>"; };
		506B2B051BEBDCE500F96268 /* about-32.png */ = {isa = PBXFileReference; lastKnownFileType = image.png; path = "about-32.png"; sourceTree = "<group>"; };
		506B2B071BEBE0A600F96268 /* boxedIn-icon-50-with-alpha@2x.png */ = {isa = PBXFileReference; lastKnownFileType = image.png; path = "boxedIn-icon-50-with-alpha@2x.png"; sourceTree = "<group>"; };
		506B2B0B1BEBEC1000F96268 /* ViewController.h */ = {isa = PBXFileReference; fileEncoding = 4; lastKnownFileType = sourcecode.c.h; path = ViewController.h; sourceTree = "<group>"; };
		506B2B0C1BEBEC1000F96268 /* ViewController.m */ = {isa = PBXFileReference; fileEncoding = 4; lastKnownFileType = sourcecode.c.objc; path = ViewController.m; sourceTree = "<group>"; };
		506B2B121BED06C300F96268 /* boxedIn-icon-1024-with-alpha.png */ = {isa = PBXFileReference; lastKnownFileType = image.png; path = "boxedIn-icon-1024-with-alpha.png"; sourceTree = "<group>"; };
		506B2B141BED07D800F96268 /* boxedIn-text-1024-with-alpha.png */ = {isa = PBXFileReference; lastKnownFileType = image.png; path = "boxedIn-text-1024-with-alpha.png"; sourceTree = "<group>"; };
		506B2B161BED346400F96268 /* FriendCell.h */ = {isa = PBXFileReference; fileEncoding = 4; lastKnownFileType = sourcecode.c.h; path = FriendCell.h; sourceTree = "<group>"; };
		506B2B171BED346400F96268 /* FriendCell.m */ = {isa = PBXFileReference; fileEncoding = 4; lastKnownFileType = sourcecode.c.objc; path = FriendCell.m; sourceTree = "<group>"; };
		506B2B191BED347500F96268 /* GameCell.h */ = {isa = PBXFileReference; fileEncoding = 4; lastKnownFileType = sourcecode.c.h; path = GameCell.h; sourceTree = "<group>"; };
		506B2B1A1BED347500F96268 /* GameCell.m */ = {isa = PBXFileReference; fileEncoding = 4; lastKnownFileType = sourcecode.c.objc; path = GameCell.m; sourceTree = "<group>"; };
		506B2B1D1BF13DB500F96268 /* dot.png */ = {isa = PBXFileReference; lastKnownFileType = image.png; path = dot.png; sourceTree = "<group>"; };
		506B2B2B1BF2693800F96268 /* play-toolbar-icon@2x.png */ = {isa = PBXFileReference; lastKnownFileType = image.png; path = "play-toolbar-icon@2x.png"; sourceTree = "<group>"; };
		506B2B2D1BF269DD00F96268 /* boxedIn-toolbar-icon@2x.png */ = {isa = PBXFileReference; lastKnownFileType = image.png; path = "boxedIn-toolbar-icon@2x.png"; sourceTree = "<group>"; };
		506B2B321BF3777200F96268 /* GBCoordinate.h */ = {isa = PBXFileReference; fileEncoding = 4; lastKnownFileType = sourcecode.c.h; path = GBCoordinate.h; sourceTree = "<group>"; };
		506B2B331BF3777200F96268 /* GBCoordinate.m */ = {isa = PBXFileReference; fileEncoding = 4; lastKnownFileType = sourcecode.c.objc; path = GBCoordinate.m; sourceTree = "<group>"; };
		506B2B351BF3779000F96268 /* GBButton.h */ = {isa = PBXFileReference; fileEncoding = 4; lastKnownFileType = sourcecode.c.h; path = GBButton.h; sourceTree = "<group>"; };
		506B2B361BF3779000F96268 /* GBButton.m */ = {isa = PBXFileReference; fileEncoding = 4; lastKnownFileType = sourcecode.c.objc; path = GBButton.m; sourceTree = "<group>"; };
		506B2B3B1BF398B200F96268 /* grey-line.png */ = {isa = PBXFileReference; lastKnownFileType = image.png; path = "grey-line.png"; sourceTree = "<group>"; };
		506B2B3D1BF39B4800F96268 /* line.png */ = {isa = PBXFileReference; lastKnownFileType = image.png; path = line.png; sourceTree = "<group>"; };
		506B2B3E1BF39B4800F96268 /* vertical-grey-line.png */ = {isa = PBXFileReference; lastKnownFileType = image.png; path = "vertical-grey-line.png"; sourceTree = "<group>"; };
		506B2B3F1BF39B4800F96268 /* vertical-line.png */ = {isa = PBXFileReference; lastKnownFileType = image.png; path = "vertical-line.png"; sourceTree = "<group>"; };
		506B2B431BF4D4C100F96268 /* boxedIn-splash-1024.png */ = {isa = PBXFileReference; lastKnownFileType = image.png; path = "boxedIn-splash-1024.png"; sourceTree = "<group>"; };
		506B2B451BF4DB9000F96268 /* UIImageView+Letters.h */ = {isa = PBXFileReference; fileEncoding = 4; lastKnownFileType = sourcecode.c.h; path = "UIImageView+Letters.h"; sourceTree = "<group>"; };
		506B2B461BF4DB9000F96268 /* UIImageView+Letters.m */ = {isa = PBXFileReference; fileEncoding = 4; lastKnownFileType = sourcecode.c.objc; path = "UIImageView+Letters.m"; sourceTree = "<group>"; };
		506B2B491BF4E6A600F96268 /* LoginViewController.h */ = {isa = PBXFileReference; fileEncoding = 4; lastKnownFileType = sourcecode.c.h; path = LoginViewController.h; sourceTree = "<group>"; };
		506B2B4A1BF4E6A600F96268 /* LoginViewController.m */ = {isa = PBXFileReference; fileEncoding = 4; lastKnownFileType = sourcecode.c.objc; path = LoginViewController.m; sourceTree = "<group>"; };
		506B2B4D1BFC0F2500F96268 /* GameKit.framework */ = {isa = PBXFileReference; lastKnownFileType = wrapper.framework; name = GameKit.framework; path = System/Library/Frameworks/GameKit.framework; sourceTree = SDKROOT; };
		506B2B4F1BFC113200F96268 /* MultipeerConnectivity.framework */ = {isa = PBXFileReference; lastKnownFileType = wrapper.framework; name = MultipeerConnectivity.framework; path = System/Library/Frameworks/MultipeerConnectivity.framework; sourceTree = SDKROOT; };
		506B2B511BFFAB7400F96268 /* NewFriendGameViewController.h */ = {isa = PBXFileReference; fileEncoding = 4; lastKnownFileType = sourcecode.c.h; path = NewFriendGameViewController.h; sourceTree = "<group>"; };
		506B2B521BFFAB7400F96268 /* NewFriendGameViewController.m */ = {isa = PBXFileReference; fileEncoding = 4; lastKnownFileType = sourcecode.c.objc; path = NewFriendGameViewController.m; sourceTree = "<group>"; };
		506B2B541C0E681B00F96268 /* PFObject+Coder.h */ = {isa = PBXFileReference; fileEncoding = 4; lastKnownFileType = sourcecode.c.h; path = "PFObject+Coder.h"; sourceTree = "<group>"; };
		506B2B551C0E681B00F96268 /* PFObject+Coder.m */ = {isa = PBXFileReference; fileEncoding = 4; lastKnownFileType = sourcecode.c.objc; path = "PFObject+Coder.m"; sourceTree = "<group>"; };
		506B2B571C1079D600F96268 /* PFFile+Coder.h */ = {isa = PBXFileReference; fileEncoding = 4; lastKnownFileType = sourcecode.c.h; path = "PFFile+Coder.h"; sourceTree = "<group>"; };
		506B2B581C1079D600F96268 /* PFFile+Coder.m */ = {isa = PBXFileReference; fileEncoding = 4; lastKnownFileType = sourcecode.c.objc; path = "PFFile+Coder.m"; sourceTree = "<group>"; };
		5087B39A1C17271900E8AB87 /* boxedIn-app-icon-76.png */ = {isa = PBXFileReference; lastKnownFileType = image.png; name = "boxedIn-app-icon-76.png"; path = "../../../IPAs/boxedIn/boxedIn-app-icon-76.png"; sourceTree = "<group>"; };
		5087B39C1C172A0700E8AB87 /* boxedIn-app-icon-152@2x.png */ = {isa = PBXFileReference; lastKnownFileType = image.png; name = "boxedIn-app-icon-152@2x.png"; path = "../../../IPAs/boxedIn/boxedIn-app-icon-152@2x.png"; sourceTree = "<group>"; };
		50C23C0A1BE9A589009E40BC /* play-button.png */ = {isa = PBXFileReference; lastKnownFileType = image.png; path = "play-button.png"; sourceTree = "<group>"; };
		50C23C0C1BE9A595009E40BC /* friends-button.png */ = {isa = PBXFileReference; lastKnownFileType = image.png; path = "friends-button.png"; sourceTree = "<group>"; };
		50C23C0E1BE9A5A0009E40BC /* settings-button.png */ = {isa = PBXFileReference; lastKnownFileType = image.png; path = "settings-button.png"; sourceTree = "<group>"; };
		50CB69E71C3C478200D3DE62 /* StoreKit.framework */ = {isa = PBXFileReference; lastKnownFileType = wrapper.framework; name = StoreKit.framework; path = System/Library/Frameworks/StoreKit.framework; sourceTree = SDKROOT; };
		50E682451BE79E03001EDFBA /* boxedIn-app-icon-1024.png */ = {isa = PBXFileReference; lastKnownFileType = image.png; path = "boxedIn-app-icon-1024.png"; sourceTree = "<group>"; };
		50E682471BE79EC6001EDFBA /* boxedIn-app-icon-120.png */ = {isa = PBXFileReference; lastKnownFileType = image.png; path = "boxedIn-app-icon-120.png"; sourceTree = "<group>"; };
		50E682481BE79EC6001EDFBA /* boxedIn-app-icon-180.png */ = {isa = PBXFileReference; lastKnownFileType = image.png; path = "boxedIn-app-icon-180.png"; sourceTree = "<group>"; };
		50ECC2941BD51E5F00A6E9F3 /* BoxedIn.app */ = {isa = PBXFileReference; explicitFileType = wrapper.application; includeInIndex = 0; path = BoxedIn.app; sourceTree = BUILT_PRODUCTS_DIR; };
		50ECC2981BD51E5F00A6E9F3 /* Info.plist */ = {isa = PBXFileReference; lastKnownFileType = text.plist.xml; path = Info.plist; sourceTree = "<group>"; };
		50ECC2991BD51E5F00A6E9F3 /* main.m */ = {isa = PBXFileReference; lastKnownFileType = sourcecode.c.objc; path = main.m; sourceTree = "<group>"; };
		50ECC29B1BD51E5F00A6E9F3 /* AppDelegate.h */ = {isa = PBXFileReference; lastKnownFileType = sourcecode.c.h; path = AppDelegate.h; sourceTree = "<group>"; };
		50ECC29C1BD51E5F00A6E9F3 /* AppDelegate.m */ = {isa = PBXFileReference; lastKnownFileType = sourcecode.c.objc; path = AppDelegate.m; sourceTree = "<group>"; };
		50ECC2A21BD51E5F00A6E9F3 /* Base */ = {isa = PBXFileReference; lastKnownFileType = file.storyboard; name = Base; path = Base.lproj/Main.storyboard; sourceTree = "<group>"; };
		50ECC2A41BD51E5F00A6E9F3 /* Images.xcassets */ = {isa = PBXFileReference; lastKnownFileType = folder.assetcatalog; path = Images.xcassets; sourceTree = "<group>"; };
		50ECC2A71BD51E5F00A6E9F3 /* Base */ = {isa = PBXFileReference; lastKnownFileType = file.xib; name = Base; path = Base.lproj/LaunchScreen.xib; sourceTree = "<group>"; };
		50ECC2AD1BD51E5F00A6E9F3 /* BoxedInTests.xctest */ = {isa = PBXFileReference; explicitFileType = wrapper.cfbundle; includeInIndex = 0; path = BoxedInTests.xctest; sourceTree = BUILT_PRODUCTS_DIR; };
		50ECC2B21BD51E5F00A6E9F3 /* Info.plist */ = {isa = PBXFileReference; lastKnownFileType = text.plist.xml; path = Info.plist; sourceTree = "<group>"; };
		50ECC2B31BD51E5F00A6E9F3 /* BoxedInTests.m */ = {isa = PBXFileReference; lastKnownFileType = sourcecode.c.objc; path = BoxedInTests.m; sourceTree = "<group>"; };
		50ECC2BD1BD5203D00A6E9F3 /* BoxedInColors.h */ = {isa = PBXFileReference; lastKnownFileType = sourcecode.c.h; path = BoxedInColors.h; sourceTree = "<group>"; };
		50F1BAC31C3AC58700E6FC21 /* iAd.framework */ = {isa = PBXFileReference; lastKnownFileType = wrapper.framework; name = iAd.framework; path = System/Library/Frameworks/iAd.framework; sourceTree = SDKROOT; };
		50F1BAC51C3AD35D00E6FC21 /* MessagesViewController.h */ = {isa = PBXFileReference; fileEncoding = 4; lastKnownFileType = sourcecode.c.h; path = MessagesViewController.h; sourceTree = "<group>"; };
		50F1BAC61C3AD35D00E6FC21 /* MessagesViewController.m */ = {isa = PBXFileReference; fileEncoding = 4; lastKnownFileType = sourcecode.c.objc; path = MessagesViewController.m; sourceTree = "<group>"; };
		6F2349C0E9C4687E6C2638ED /* Pods.debug.xcconfig */ = {isa = PBXFileReference; includeInIndex = 1; lastKnownFileType = text.xcconfig; name = Pods.debug.xcconfig; path = "Pods/Target Support Files/Pods/Pods.debug.xcconfig"; sourceTree = "<group>"; };
		8F2DC43E27BC668991726707 /* libPods.a */ = {isa = PBXFileReference; explicitFileType = archive.ar; includeInIndex = 0; path = libPods.a; sourceTree = BUILT_PRODUCTS_DIR; };
/* End PBXFileReference section */

/* Begin PBXFrameworksBuildPhase section */
		50ECC2911BD51E5F00A6E9F3 /* Frameworks */ = {
			isa = PBXFrameworksBuildPhase;
			buildActionMask = 2147483647;
			files = (
				501560351C46EB1D0016F4B1 /* SystemConfiguration.framework in Frameworks */,
				50F1BAC41C3AC58700E6FC21 /* iAd.framework in Frameworks */,
				506B2B501BFC113200F96268 /* MultipeerConnectivity.framework in Frameworks */,
				50CB69E81C3C478200D3DE62 /* StoreKit.framework in Frameworks */,
				506B2B4E1BFC0F2500F96268 /* GameKit.framework in Frameworks */,
				0728F68E36D7FD309593C66E /* libPods.a in Frameworks */,
			);
			runOnlyForDeploymentPostprocessing = 0;
		};
		50ECC2AA1BD51E5F00A6E9F3 /* Frameworks */ = {
			isa = PBXFrameworksBuildPhase;
			buildActionMask = 2147483647;
			files = (
			);
			runOnlyForDeploymentPostprocessing = 0;
		};
/* End PBXFrameworksBuildPhase section */

/* Begin PBXGroup section */
		5003DA571C1766A900BDA05B /* Images */ = {
			isa = PBXGroup;
			children = (
				506B2B3B1BF398B200F96268 /* grey-line.png */,
				506B2B3D1BF39B4800F96268 /* line.png */,
				506B2B3E1BF39B4800F96268 /* vertical-grey-line.png */,
				506B2B3F1BF39B4800F96268 /* vertical-line.png */,
				506B2B2D1BF269DD00F96268 /* boxedIn-toolbar-icon@2x.png */,
				506B2B2B1BF2693800F96268 /* play-toolbar-icon@2x.png */,
				506B2B1D1BF13DB500F96268 /* dot.png */,
				506B2B141BED07D800F96268 /* boxedIn-text-1024-with-alpha.png */,
				506B2B121BED06C300F96268 /* boxedIn-icon-1024-with-alpha.png */,
				506B2B071BEBE0A600F96268 /* boxedIn-icon-50-with-alpha@2x.png */,
				506B2B051BEBDCE500F96268 /* about-32.png */,
				506B2B031BEBDCDA00F96268 /* mind_map-32.png */,
				506B2B011BEBDCC200F96268 /* group-32.png */,
				506B2AFD1BEBDBF900F96268 /* play-button-icon-50@2x.png */,
				506B2AFB1BEBDBBB00F96268 /* group-50@2x.png */,
				506B2AF91BEBDBAF00F96268 /* about-50@2x.png */,
				506B2AF71BEBDB9D00F96268 /* mind_map-50@2x.png */,
				506B2AF51BEBBE2200F96268 /* play-button-icon.png */,
				506B2AF31BEBBDC000F96268 /* mind_map-100.png */,
				506B2AF11BEBBD8D00F96268 /* about-100.png */,
				506B2AEF1BEBBD6C00F96268 /* group-100.png */,
				5087B39C1C172A0700E8AB87 /* boxedIn-app-icon-152@2x.png */,
				5087B39A1C17271900E8AB87 /* boxedIn-app-icon-76.png */,
				506B2AFF1BEBDC2400F96268 /* boxedIn-app-icon-50@2x.png */,
				506B2AED1BEBB9D300F96268 /* boxedIn-app-icon-75.png */,
				506B2AD51BEA455400F96268 /* create-button.png */,
				50C23C0E1BE9A5A0009E40BC /* settings-button.png */,
				50C23C0C1BE9A595009E40BC /* friends-button.png */,
				50C23C0A1BE9A589009E40BC /* play-button.png */,
				50E682471BE79EC6001EDFBA /* boxedIn-app-icon-120.png */,
				50E682481BE79EC6001EDFBA /* boxedIn-app-icon-180.png */,
				50E682451BE79E03001EDFBA /* boxedIn-app-icon-1024.png */,
				506B2B431BF4D4C100F96268 /* boxedIn-splash-1024.png */,
			);
			name = Images;
			sourceTree = "<group>";
		};
		506B2ADA1BEBB5B600F96268 /* View Controllers */ = {
			isa = PBXGroup;
			children = (
				506B2AD71BEBB5A600F96268 /* FriendListViewController.h */,
				506B2AD81BEBB5A600F96268 /* FriendListViewController.m */,
				506B2ADB1BEBB5D100F96268 /* InfoPageViewController.h */,
				506B2ADC1BEBB5D100F96268 /* InfoPageViewController.m */,
				506B2ADE1BEBB5E700F96268 /* GameListViewController.h */,
				506B2ADF1BEBB5E700F96268 /* GameListViewController.m */,
				506B2AE11BEBB5F800F96268 /* SettingsViewController.h */,
				506B2AE21BEBB5F800F96268 /* SettingsViewController.m */,
				506B2AE41BEBB60300F96268 /* GameBoardViewController.h */,
				506B2AE51BEBB60300F96268 /* GameBoardViewController.m */,
				506B2AE71BEBB61100F96268 /* FriendPageViewController.h */,
				506B2AE81BEBB61100F96268 /* FriendPageViewController.m */,
				506B2AEA1BEBB62000F96268 /* NewGameViewController.h */,
				506B2AEB1BEBB62000F96268 /* NewGameViewController.m */,
				506B2B0B1BEBEC1000F96268 /* ViewController.h */,
				506B2B0C1BEBEC1000F96268 /* ViewController.m */,
				506B2B491BF4E6A600F96268 /* LoginViewController.h */,
				506B2B4A1BF4E6A600F96268 /* LoginViewController.m */,
				506B2B511BFFAB7400F96268 /* NewFriendGameViewController.h */,
				506B2B521BFFAB7400F96268 /* NewFriendGameViewController.m */,
				50F1BAC51C3AD35D00E6FC21 /* MessagesViewController.h */,
				50F1BAC61C3AD35D00E6FC21 /* MessagesViewController.m */,
			);
			name = "View Controllers";
			sourceTree = "<group>";
		};
		506B2B1C1BED347D00F96268 /* Views */ = {
			isa = PBXGroup;
			children = (
				506B2B161BED346400F96268 /* FriendCell.h */,
				506B2B171BED346400F96268 /* FriendCell.m */,
				506B2B191BED347500F96268 /* GameCell.h */,
				506B2B1A1BED347500F96268 /* GameCell.m */,
			);
			name = Views;
			sourceTree = "<group>";
		};
		506B2B381BF377D400F96268 /* Models */ = {
			isa = PBXGroup;
			children = (
				506B2B321BF3777200F96268 /* GBCoordinate.h */,
				506B2B331BF3777200F96268 /* GBCoordinate.m */,
				506B2B351BF3779000F96268 /* GBButton.h */,
				506B2B361BF3779000F96268 /* GBButton.m */,
				506B2B541C0E681B00F96268 /* PFObject+Coder.h */,
				506B2B551C0E681B00F96268 /* PFObject+Coder.m */,
				506B2B571C1079D600F96268 /* PFFile+Coder.h */,
				506B2B581C1079D600F96268 /* PFFile+Coder.m */,
			);
			name = Models;
			sourceTree = "<group>";
		};
		506B2B481BF4DBA200F96268 /* includes */ = {
			isa = PBXGroup;
			children = (
				506B2B451BF4DB9000F96268 /* UIImageView+Letters.h */,
				506B2B461BF4DB9000F96268 /* UIImageView+Letters.m */,
				50ECC2BD1BD5203D00A6E9F3 /* BoxedInColors.h */,
			);
			name = includes;
			sourceTree = "<group>";
		};
		50ECC28B1BD51E5F00A6E9F3 = {
			isa = PBXGroup;
			children = (
				50ECC2961BD51E5F00A6E9F3 /* BoxedIn */,
				50ECC2B01BD51E5F00A6E9F3 /* BoxedInTests */,
				50ECC2951BD51E5F00A6E9F3 /* Products */,
				9A66C0E9FA8F0A08EE7C8421 /* Pods */,
				5C2D848774B953A96F3EFE17 /* Frameworks */,
			);
			sourceTree = "<group>";
		};
		50ECC2951BD51E5F00A6E9F3 /* Products */ = {
			isa = PBXGroup;
			children = (
				50ECC2941BD51E5F00A6E9F3 /* BoxedIn.app */,
				50ECC2AD1BD51E5F00A6E9F3 /* BoxedInTests.xctest */,
			);
			name = Products;
			sourceTree = "<group>";
		};
		50ECC2961BD51E5F00A6E9F3 /* BoxedIn */ = {
			isa = PBXGroup;
			children = (
				50ECC29B1BD51E5F00A6E9F3 /* AppDelegate.h */,
				50ECC29C1BD51E5F00A6E9F3 /* AppDelegate.m */,
				506B2B381BF377D400F96268 /* Models */,
				506B2B1C1BED347D00F96268 /* Views */,
				506B2ADA1BEBB5B600F96268 /* View Controllers */,
				50ECC2A11BD51E5F00A6E9F3 /* Main.storyboard */,
				50ECC2A41BD51E5F00A6E9F3 /* Images.xcassets */,
				50ECC2A61BD51E5F00A6E9F3 /* LaunchScreen.xib */,
				506B2B481BF4DBA200F96268 /* includes */,
				50ECC2971BD51E5F00A6E9F3 /* Supporting Files */,
			);
			path = BoxedIn;
			sourceTree = "<group>";
		};
		50ECC2971BD51E5F00A6E9F3 /* Supporting Files */ = {
			isa = PBXGroup;
			children = (
				5003DA571C1766A900BDA05B /* Images */,
				50ECC2981BD51E5F00A6E9F3 /* Info.plist */,
				50ECC2991BD51E5F00A6E9F3 /* main.m */,
			);
			name = "Supporting Files";
			sourceTree = "<group>";
		};
		50ECC2B01BD51E5F00A6E9F3 /* BoxedInTests */ = {
			isa = PBXGroup;
			children = (
				50ECC2B31BD51E5F00A6E9F3 /* BoxedInTests.m */,
				50ECC2B11BD51E5F00A6E9F3 /* Supporting Files */,
			);
			path = BoxedInTests;
			sourceTree = "<group>";
		};
		50ECC2B11BD51E5F00A6E9F3 /* Supporting Files */ = {
			isa = PBXGroup;
			children = (
				50ECC2B21BD51E5F00A6E9F3 /* Info.plist */,
			);
			name = "Supporting Files";
			sourceTree = "<group>";
		};
		5C2D848774B953A96F3EFE17 /* Frameworks */ = {
			isa = PBXGroup;
			children = (
				501560341C46EB1D0016F4B1 /* SystemConfiguration.framework */,
				50CB69E71C3C478200D3DE62 /* StoreKit.framework */,
				50F1BAC31C3AC58700E6FC21 /* iAd.framework */,
				506B2B4F1BFC113200F96268 /* MultipeerConnectivity.framework */,
				506B2B4D1BFC0F2500F96268 /* GameKit.framework */,
				8F2DC43E27BC668991726707 /* libPods.a */,
			);
			name = Frameworks;
			sourceTree = "<group>";
		};
		9A66C0E9FA8F0A08EE7C8421 /* Pods */ = {
			isa = PBXGroup;
			children = (
				6F2349C0E9C4687E6C2638ED /* Pods.debug.xcconfig */,
				0444D99D7AF0FA727301C6DB /* Pods.release.xcconfig */,
			);
			name = Pods;
			sourceTree = "<group>";
		};
/* End PBXGroup section */

/* Begin PBXNativeTarget section */
		50ECC2931BD51E5F00A6E9F3 /* BoxedIn */ = {
			isa = PBXNativeTarget;
			buildConfigurationList = 50ECC2B71BD51E5F00A6E9F3 /* Build configuration list for PBXNativeTarget "BoxedIn" */;
			buildPhases = (
				D20BA7C5BEAA81A394F009E8 /* Check Pods Manifest.lock */,
				50ECC2901BD51E5F00A6E9F3 /* Sources */,
				50ECC2911BD51E5F00A6E9F3 /* Frameworks */,
				50ECC2921BD51E5F00A6E9F3 /* Resources */,
				EBD6BB3B13FC685E1492D1E7 /* Copy Pods Resources */,
				8DAF3086DC3E551F74559888 /* Embed Pods Frameworks */,
			);
			buildRules = (
			);
			dependencies = (
			);
			name = BoxedIn;
			productName = BoxedIn;
			productReference = 50ECC2941BD51E5F00A6E9F3 /* BoxedIn.app */;
			productType = "com.apple.product-type.application";
		};
		50ECC2AC1BD51E5F00A6E9F3 /* BoxedInTests */ = {
			isa = PBXNativeTarget;
			buildConfigurationList = 50ECC2BA1BD51E5F00A6E9F3 /* Build configuration list for PBXNativeTarget "BoxedInTests" */;
			buildPhases = (
				50ECC2A91BD51E5F00A6E9F3 /* Sources */,
				50ECC2AA1BD51E5F00A6E9F3 /* Frameworks */,
				50ECC2AB1BD51E5F00A6E9F3 /* Resources */,
			);
			buildRules = (
			);
			dependencies = (
				50ECC2AF1BD51E5F00A6E9F3 /* PBXTargetDependency */,
			);
			name = BoxedInTests;
			productName = BoxedInTests;
			productReference = 50ECC2AD1BD51E5F00A6E9F3 /* BoxedInTests.xctest */;
			productType = "com.apple.product-type.bundle.unit-test";
		};
/* End PBXNativeTarget section */

/* Begin PBXProject section */
		50ECC28C1BD51E5F00A6E9F3 /* Project object */ = {
			isa = PBXProject;
			attributes = {
				LastUpgradeCheck = 0710;
				ORGANIZATIONNAME = "Robert Miller";
				TargetAttributes = {
					50ECC2931BD51E5F00A6E9F3 = {
						CreatedOnToolsVersion = 6.4;
						DevelopmentTeam = G98XDUC443;
						SystemCapabilities = {
							com.apple.InAppPurchase = {
								enabled = 1;
							};
							com.apple.Push = {
								enabled = 1;
							};
						};
					};
					50ECC2AC1BD51E5F00A6E9F3 = {
						CreatedOnToolsVersion = 6.4;
						TestTargetID = 50ECC2931BD51E5F00A6E9F3;
					};
				};
			};
			buildConfigurationList = 50ECC28F1BD51E5F00A6E9F3 /* Build configuration list for PBXProject "BoxedIn" */;
			compatibilityVersion = "Xcode 3.2";
			developmentRegion = English;
			hasScannedForEncodings = 0;
			knownRegions = (
				en,
				Base,
			);
			mainGroup = 50ECC28B1BD51E5F00A6E9F3;
			productRefGroup = 50ECC2951BD51E5F00A6E9F3 /* Products */;
			projectDirPath = "";
			projectRoot = "";
			targets = (
				50ECC2931BD51E5F00A6E9F3 /* BoxedIn */,
				50ECC2AC1BD51E5F00A6E9F3 /* BoxedInTests */,
			);
		};
/* End PBXProject section */

/* Begin PBXResourcesBuildPhase section */
		50ECC2921BD51E5F00A6E9F3 /* Resources */ = {
			isa = PBXResourcesBuildPhase;
			buildActionMask = 2147483647;
			files = (
				50ECC2A31BD51E5F00A6E9F3 /* Main.storyboard in Resources */,
				506B2B201BF13DB500F96268 /* dot.png in Resources */,
				50C23C0B1BE9A589009E40BC /* play-button.png in Resources */,
				506B2B401BF39B4800F96268 /* line.png in Resources */,
				50ECC2A81BD51E5F00A6E9F3 /* LaunchScreen.xib in Resources */,
				506B2B151BED07D800F96268 /* boxedIn-text-1024-with-alpha.png in Resources */,
				5087B39B1C17271900E8AB87 /* boxedIn-app-icon-76.png in Resources */,
				50E682461BE79E03001EDFBA /* boxedIn-app-icon-1024.png in Resources */,
				50E6824A1BE79EC6001EDFBA /* boxedIn-app-icon-180.png in Resources */,
				506B2AF41BEBBDC000F96268 /* mind_map-100.png in Resources */,
				506B2B021BEBDCC200F96268 /* group-32.png in Resources */,
				506B2AFA1BEBDBAF00F96268 /* about-50@2x.png in Resources */,
				506B2B2E1BF269DD00F96268 /* boxedIn-toolbar-icon@2x.png in Resources */,
				506B2B131BED06C300F96268 /* boxedIn-icon-1024-with-alpha.png in Resources */,
				506B2B3C1BF398B200F96268 /* grey-line.png in Resources */,
				50C23C0D1BE9A595009E40BC /* friends-button.png in Resources */,
				50ECC2A51BD51E5F00A6E9F3 /* Images.xcassets in Resources */,
				506B2B001BEBDC2400F96268 /* boxedIn-app-icon-50@2x.png in Resources */,
				50E682491BE79EC6001EDFBA /* boxedIn-app-icon-120.png in Resources */,
				506B2B061BEBDCE500F96268 /* about-32.png in Resources */,
				506B2B441BF4D4C100F96268 /* boxedIn-splash-1024.png in Resources */,
				506B2AEE1BEBB9D300F96268 /* boxedIn-app-icon-75.png in Resources */,
				506B2AF81BEBDB9D00F96268 /* mind_map-50@2x.png in Resources */,
				506B2B421BF39B4800F96268 /* vertical-line.png in Resources */,
				506B2B411BF39B4800F96268 /* vertical-grey-line.png in Resources */,
				5087B39D1C172A0700E8AB87 /* boxedIn-app-icon-152@2x.png in Resources */,
				506B2B2C1BF2693800F96268 /* play-toolbar-icon@2x.png in Resources */,
				506B2AF21BEBBD8D00F96268 /* about-100.png in Resources */,
				506B2AFE1BEBDBF900F96268 /* play-button-icon-50@2x.png in Resources */,
				506B2AD61BEA455400F96268 /* create-button.png in Resources */,
				506B2AFC1BEBDBBB00F96268 /* group-50@2x.png in Resources */,
				506B2B081BEBE0A600F96268 /* boxedIn-icon-50-with-alpha@2x.png in Resources */,
				506B2AF61BEBBE2200F96268 /* play-button-icon.png in Resources */,
				50C23C0F1BE9A5A0009E40BC /* settings-button.png in Resources */,
				506B2B041BEBDCDA00F96268 /* mind_map-32.png in Resources */,
				506B2AF01BEBBD6C00F96268 /* group-100.png in Resources */,
			);
			runOnlyForDeploymentPostprocessing = 0;
		};
		50ECC2AB1BD51E5F00A6E9F3 /* Resources */ = {
			isa = PBXResourcesBuildPhase;
			buildActionMask = 2147483647;
			files = (
			);
			runOnlyForDeploymentPostprocessing = 0;
		};
/* End PBXResourcesBuildPhase section */

/* Begin PBXShellScriptBuildPhase section */
		8DAF3086DC3E551F74559888 /* Embed Pods Frameworks */ = {
			isa = PBXShellScriptBuildPhase;
			buildActionMask = 2147483647;
			files = (
			);
			inputPaths = (
			);
			name = "Embed Pods Frameworks";
			outputPaths = (
			);
			runOnlyForDeploymentPostprocessing = 0;
			shellPath = /bin/sh;
			shellScript = "\"${SRCROOT}/Pods/Target Support Files/Pods/Pods-frameworks.sh\"\n";
			showEnvVarsInLog = 0;
		};
		D20BA7C5BEAA81A394F009E8 /* Check Pods Manifest.lock */ = {
			isa = PBXShellScriptBuildPhase;
			buildActionMask = 2147483647;
			files = (
			);
			inputPaths = (
			);
			name = "Check Pods Manifest.lock";
			outputPaths = (
			);
			runOnlyForDeploymentPostprocessing = 0;
			shellPath = /bin/sh;
			shellScript = "diff \"${PODS_ROOT}/../Podfile.lock\" \"${PODS_ROOT}/Manifest.lock\" > /dev/null\nif [[ $? != 0 ]] ; then\n    cat << EOM\nerror: The sandbox is not in sync with the Podfile.lock. Run 'pod install' or update your CocoaPods installation.\nEOM\n    exit 1\nfi\n";
			showEnvVarsInLog = 0;
		};
		EBD6BB3B13FC685E1492D1E7 /* Copy Pods Resources */ = {
			isa = PBXShellScriptBuildPhase;
			buildActionMask = 2147483647;
			files = (
			);
			inputPaths = (
			);
			name = "Copy Pods Resources";
			outputPaths = (
			);
			runOnlyForDeploymentPostprocessing = 0;
			shellPath = /bin/sh;
			shellScript = "\"${SRCROOT}/Pods/Target Support Files/Pods/Pods-resources.sh\"\n";
			showEnvVarsInLog = 0;
		};
/* End PBXShellScriptBuildPhase section */

/* Begin PBXSourcesBuildPhase section */
		50ECC2901BD51E5F00A6E9F3 /* Sources */ = {
			isa = PBXSourcesBuildPhase;
			buildActionMask = 2147483647;
			files = (
				506B2B591C1079D600F96268 /* PFFile+Coder.m in Sources */,
				506B2ADD1BEBB5D100F96268 /* InfoPageViewController.m in Sources */,
				506B2AD91BEBB5A600F96268 /* FriendListViewController.m in Sources */,
				506B2B371BF3779000F96268 /* GBButton.m in Sources */,
				506B2AE01BEBB5E700F96268 /* GameListViewController.m in Sources */,
				506B2B341BF3777200F96268 /* GBCoordinate.m in Sources */,
				50F1BAC71C3AD35D00E6FC21 /* MessagesViewController.m in Sources */,
				506B2B1B1BED347500F96268 /* GameCell.m in Sources */,
				506B2AE91BEBB61100F96268 /* FriendPageViewController.m in Sources */,
				506B2B471BF4DB9000F96268 /* UIImageView+Letters.m in Sources */,
				506B2B561C0E681B00F96268 /* PFObject+Coder.m in Sources */,
				506B2B4B1BF4E6A600F96268 /* LoginViewController.m in Sources */,
				506B2B0E1BEBEC1000F96268 /* ViewController.m in Sources */,
				506B2B531BFFAB7400F96268 /* NewFriendGameViewController.m in Sources */,
				506B2AEC1BEBB62000F96268 /* NewGameViewController.m in Sources */,
				50ECC29D1BD51E5F00A6E9F3 /* AppDelegate.m in Sources */,
				506B2AE61BEBB60300F96268 /* GameBoardViewController.m in Sources */,
				50ECC29A1BD51E5F00A6E9F3 /* main.m in Sources */,
				506B2AE31BEBB5F800F96268 /* SettingsViewController.m in Sources */,
				506B2B181BED346400F96268 /* FriendCell.m in Sources */,
			);
			runOnlyForDeploymentPostprocessing = 0;
		};
		50ECC2A91BD51E5F00A6E9F3 /* Sources */ = {
			isa = PBXSourcesBuildPhase;
			buildActionMask = 2147483647;
			files = (
				50ECC2B41BD51E5F00A6E9F3 /* BoxedInTests.m in Sources */,
			);
			runOnlyForDeploymentPostprocessing = 0;
		};
/* End PBXSourcesBuildPhase section */

/* Begin PBXTargetDependency section */
		50ECC2AF1BD51E5F00A6E9F3 /* PBXTargetDependency */ = {
			isa = PBXTargetDependency;
			target = 50ECC2931BD51E5F00A6E9F3 /* BoxedIn */;
			targetProxy = 50ECC2AE1BD51E5F00A6E9F3 /* PBXContainerItemProxy */;
		};
/* End PBXTargetDependency section */

/* Begin PBXVariantGroup section */
		50ECC2A11BD51E5F00A6E9F3 /* Main.storyboard */ = {
			isa = PBXVariantGroup;
			children = (
				50ECC2A21BD51E5F00A6E9F3 /* Base */,
			);
			name = Main.storyboard;
			sourceTree = "<group>";
		};
		50ECC2A61BD51E5F00A6E9F3 /* LaunchScreen.xib */ = {
			isa = PBXVariantGroup;
			children = (
				50ECC2A71BD51E5F00A6E9F3 /* Base */,
			);
			name = LaunchScreen.xib;
			sourceTree = "<group>";
		};
/* End PBXVariantGroup section */

/* Begin XCBuildConfiguration section */
		50ECC2B51BD51E5F00A6E9F3 /* Debug */ = {
			isa = XCBuildConfiguration;
			buildSettings = {
				ALWAYS_SEARCH_USER_PATHS = NO;
				CLANG_CXX_LANGUAGE_STANDARD = "gnu++0x";
				CLANG_CXX_LIBRARY = "libc++";
				CLANG_ENABLE_MODULES = YES;
				CLANG_ENABLE_OBJC_ARC = YES;
				CLANG_WARN_BOOL_CONVERSION = YES;
				CLANG_WARN_CONSTANT_CONVERSION = YES;
				CLANG_WARN_DIRECT_OBJC_ISA_USAGE = YES_ERROR;
				CLANG_WARN_EMPTY_BODY = YES;
				CLANG_WARN_ENUM_CONVERSION = YES;
				CLANG_WARN_INT_CONVERSION = YES;
				CLANG_WARN_OBJC_ROOT_CLASS = YES_ERROR;
				CLANG_WARN_UNREACHABLE_CODE = YES;
				CLANG_WARN__DUPLICATE_METHOD_MATCH = YES;
				"CODE_SIGN_IDENTITY[sdk=iphoneos*]" = "iPhone Developer";
				COPY_PHASE_STRIP = NO;
				DEBUG_INFORMATION_FORMAT = "dwarf-with-dsym";
				ENABLE_STRICT_OBJC_MSGSEND = YES;
				ENABLE_TESTABILITY = YES;
				GCC_C_LANGUAGE_STANDARD = gnu99;
				GCC_DYNAMIC_NO_PIC = NO;
				GCC_NO_COMMON_BLOCKS = YES;
				GCC_OPTIMIZATION_LEVEL = 0;
				GCC_PREPROCESSOR_DEFINITIONS = (
					"DEBUG=1",
					"$(inherited)",
				);
				GCC_SYMBOLS_PRIVATE_EXTERN = NO;
				GCC_WARN_64_TO_32_BIT_CONVERSION = YES;
				GCC_WARN_ABOUT_RETURN_TYPE = YES_ERROR;
				GCC_WARN_UNDECLARED_SELECTOR = YES;
				GCC_WARN_UNINITIALIZED_AUTOS = YES_AGGRESSIVE;
				GCC_WARN_UNUSED_FUNCTION = YES;
				GCC_WARN_UNUSED_VARIABLE = YES;
				IPHONEOS_DEPLOYMENT_TARGET = 8.4;
				MTL_ENABLE_DEBUG_INFO = YES;
				ONLY_ACTIVE_ARCH = YES;
				SDKROOT = iphoneos;
				TARGETED_DEVICE_FAMILY = "1,2";
			};
			name = Debug;
		};
		50ECC2B61BD51E5F00A6E9F3 /* Release */ = {
			isa = XCBuildConfiguration;
			buildSettings = {
				ALWAYS_SEARCH_USER_PATHS = NO;
				CLANG_CXX_LANGUAGE_STANDARD = "gnu++0x";
				CLANG_CXX_LIBRARY = "libc++";
				CLANG_ENABLE_MODULES = YES;
				CLANG_ENABLE_OBJC_ARC = YES;
				CLANG_WARN_BOOL_CONVERSION = YES;
				CLANG_WARN_CONSTANT_CONVERSION = YES;
				CLANG_WARN_DIRECT_OBJC_ISA_USAGE = YES_ERROR;
				CLANG_WARN_EMPTY_BODY = YES;
				CLANG_WARN_ENUM_CONVERSION = YES;
				CLANG_WARN_INT_CONVERSION = YES;
				CLANG_WARN_OBJC_ROOT_CLASS = YES_ERROR;
				CLANG_WARN_UNREACHABLE_CODE = YES;
				CLANG_WARN__DUPLICATE_METHOD_MATCH = YES;
				"CODE_SIGN_IDENTITY[sdk=iphoneos*]" = "iPhone Developer";
				COPY_PHASE_STRIP = NO;
				DEBUG_INFORMATION_FORMAT = "dwarf-with-dsym";
				ENABLE_NS_ASSERTIONS = NO;
				ENABLE_STRICT_OBJC_MSGSEND = YES;
				GCC_C_LANGUAGE_STANDARD = gnu99;
				GCC_NO_COMMON_BLOCKS = YES;
				GCC_WARN_64_TO_32_BIT_CONVERSION = YES;
				GCC_WARN_ABOUT_RETURN_TYPE = YES_ERROR;
				GCC_WARN_UNDECLARED_SELECTOR = YES;
				GCC_WARN_UNINITIALIZED_AUTOS = YES_AGGRESSIVE;
				GCC_WARN_UNUSED_FUNCTION = YES;
				GCC_WARN_UNUSED_VARIABLE = YES;
				IPHONEOS_DEPLOYMENT_TARGET = 8.4;
				MTL_ENABLE_DEBUG_INFO = NO;
				SDKROOT = iphoneos;
				TARGETED_DEVICE_FAMILY = "1,2";
				VALIDATE_PRODUCT = YES;
			};
			name = Release;
		};
		50ECC2B81BD51E5F00A6E9F3 /* Debug */ = {
			isa = XCBuildConfiguration;
			baseConfigurationReference = 6F2349C0E9C4687E6C2638ED /* Pods.debug.xcconfig */;
			buildSettings = {
				ASSETCATALOG_COMPILER_APPICON_NAME = AppIcon;
				CODE_SIGN_IDENTITY = "iPhone Developer";
				INFOPLIST_FILE = BoxedIn/Info.plist;
				IPHONEOS_DEPLOYMENT_TARGET = 8.0;
				LD_RUNPATH_SEARCH_PATHS = "$(inherited) @executable_path/Frameworks";
				PRODUCT_BUNDLE_IDENTIFIER = "com.robertmiller.$(PRODUCT_NAME:rfc1034identifier)";
				PRODUCT_NAME = "$(TARGET_NAME)";
			};
			name = Debug;
		};
		50ECC2B91BD51E5F00A6E9F3 /* Release */ = {
			isa = XCBuildConfiguration;
			baseConfigurationReference = 0444D99D7AF0FA727301C6DB /* Pods.release.xcconfig */;
			buildSettings = {
				ASSETCATALOG_COMPILER_APPICON_NAME = AppIcon;
				CODE_SIGN_IDENTITY = "iPhone Developer";
				INFOPLIST_FILE = BoxedIn/Info.plist;
				IPHONEOS_DEPLOYMENT_TARGET = 8.0;
				LD_RUNPATH_SEARCH_PATHS = "$(inherited) @executable_path/Frameworks";
				PRODUCT_BUNDLE_IDENTIFIER = "com.robertmiller.$(PRODUCT_NAME:rfc1034identifier)";
				PRODUCT_NAME = "$(TARGET_NAME)";
			};
			name = Release;
		};
		50ECC2BB1BD51E5F00A6E9F3 /* Debug */ = {
			isa = XCBuildConfiguration;
			buildSettings = {
				BUNDLE_LOADER = "$(TEST_HOST)";
				FRAMEWORK_SEARCH_PATHS = (
					"$(SDKROOT)/Developer/Library/Frameworks",
					"$(inherited)",
				);
				GCC_PREPROCESSOR_DEFINITIONS = (
					"DEBUG=1",
					"$(inherited)",
				);
				INFOPLIST_FILE = BoxedInTests/Info.plist;
				LD_RUNPATH_SEARCH_PATHS = "$(inherited) @executable_path/Frameworks @loader_path/Frameworks";
				PRODUCT_BUNDLE_IDENTIFIER = "com.robertmiller.$(PRODUCT_NAME:rfc1034identifier)";
				PRODUCT_NAME = "$(TARGET_NAME)";
				TEST_HOST = "$(BUILT_PRODUCTS_DIR)/BoxedIn.app/BoxedIn";
			};
			name = Debug;
		};
		50ECC2BC1BD51E5F00A6E9F3 /* Release */ = {
			isa = XCBuildConfiguration;
			buildSettings = {
				BUNDLE_LOADER = "$(TEST_HOST)";
				FRAMEWORK_SEARCH_PATHS = (
					"$(SDKROOT)/Developer/Library/Frameworks",
					"$(inherited)",
				);
				INFOPLIST_FILE = BoxedInTests/Info.plist;
				LD_RUNPATH_SEARCH_PATHS = "$(inherited) @executable_path/Frameworks @loader_path/Frameworks";
				PRODUCT_BUNDLE_IDENTIFIER = "com.robertmiller.$(PRODUCT_NAME:rfc1034identifier)";
				PRODUCT_NAME = "$(TARGET_NAME)";
				TEST_HOST = "$(BUILT_PRODUCTS_DIR)/BoxedIn.app/BoxedIn";
			};
			name = Release;
		};
/* End XCBuildConfiguration section */

/* Begin XCConfigurationList section */
		50ECC28F1BD51E5F00A6E9F3 /* Build configuration list for PBXProject "BoxedIn" */ = {
			isa = XCConfigurationList;
			buildConfigurations = (
				50ECC2B51BD51E5F00A6E9F3 /* Debug */,
				50ECC2B61BD51E5F00A6E9F3 /* Release */,
			);
			defaultConfigurationIsVisible = 0;
			defaultConfigurationName = Release;
		};
		50ECC2B71BD51E5F00A6E9F3 /* Build configuration list for PBXNativeTarget "BoxedIn" */ = {
			isa = XCConfigurationList;
			buildConfigurations = (
				50ECC2B81BD51E5F00A6E9F3 /* Debug */,
				50ECC2B91BD51E5F00A6E9F3 /* Release */,
			);
			defaultConfigurationIsVisible = 0;
			defaultConfigurationName = Release;
		};
		50ECC2BA1BD51E5F00A6E9F3 /* Build configuration list for PBXNativeTarget "BoxedInTests" */ = {
			isa = XCConfigurationList;
			buildConfigurations = (
				50ECC2BB1BD51E5F00A6E9F3 /* Debug */,
				50ECC2BC1BD51E5F00A6E9F3 /* Release */,
			);
			defaultConfigurationIsVisible = 0;
			defaultConfigurationName = Release;
		};
/* End XCConfigurationList section */
	};
	rootObject = 50ECC28C1BD51E5F00A6E9F3 /* Project object */;
}
